// !$*UTF8*$!
{
	archiveVersion = 1;
	classes = {
	};
	objectVersion = 46;
	objects = {

/* Begin PBXBuildFile section */
		81A02C73193D47880068FA05 /* AppDelegate.swift in Sources */ = {isa = PBXBuildFile; fileRef = 81A02C72193D47880068FA05 /* AppDelegate.swift */; };
		81A02C75193D47880068FA05 /* Images.xcassets in Resources */ = {isa = PBXBuildFile; fileRef = 81A02C74193D47880068FA05 /* Images.xcassets */; };
		81A02C81193D47890068FA05 /* SwiftappTests.swift in Sources */ = {isa = PBXBuildFile; fileRef = 81A02C80193D47890068FA05 /* SwiftappTests.swift */; };
		81A02C8B193D48760068FA05 /* IncioViewController.swift in Sources */ = {isa = PBXBuildFile; fileRef = 81A02C8A193D48760068FA05 /* IncioViewController.swift */; };
		81A02C8D193D48A10068FA05 /* Storyboard.storyboard in Resources */ = {isa = PBXBuildFile; fileRef = 81A02C8C193D48A10068FA05 /* Storyboard.storyboard */; };
		81A02C8F193D4B250068FA05 /* MapKit.framework in Frameworks */ = {isa = PBXBuildFile; fileRef = 81A02C8E193D4B250068FA05 /* MapKit.framework */; };
/* End PBXBuildFile section */

/* Begin PBXContainerItemProxy section */
		81A02C7B193D47890068FA05 /* PBXContainerItemProxy */ = {
			isa = PBXContainerItemProxy;
			containerPortal = 81A02C65193D47880068FA05 /* Project object */;
			proxyType = 1;
			remoteGlobalIDString = 81A02C6C193D47880068FA05;
			remoteInfo = Swiftapp;
		};
/* End PBXContainerItemProxy section */

/* Begin PBXFileReference section */
		81A02C6D193D47880068FA05 /* Swiftapp.app */ = {isa = PBXFileReference; explicitFileType = wrapper.application; includeInIndex = 0; path = Swiftapp.app; sourceTree = BUILT_PRODUCTS_DIR; };
		81A02C71193D47880068FA05 /* Info.plist */ = {isa = PBXFileReference; lastKnownFileType = text.plist.xml; path = Info.plist; sourceTree = "<group>"; };
		81A02C72193D47880068FA05 /* AppDelegate.swift */ = {isa = PBXFileReference; lastKnownFileType = sourcecode.swift; path = AppDelegate.swift; sourceTree = "<group>"; };
		81A02C74193D47880068FA05 /* Images.xcassets */ = {isa = PBXFileReference; lastKnownFileType = folder.assetcatalog; path = Images.xcassets; sourceTree = "<group>"; };
		81A02C7A193D47890068FA05 /* SwiftappTests.xctest */ = {isa = PBXFileReference; explicitFileType = wrapper.cfbundle; includeInIndex = 0; path = SwiftappTests.xctest; sourceTree = BUILT_PRODUCTS_DIR; };
		81A02C7F193D47890068FA05 /* Info.plist */ = {isa = PBXFileReference; lastKnownFileType = text.plist.xml; path = Info.plist; sourceTree = "<group>"; };
		81A02C80193D47890068FA05 /* SwiftappTests.swift */ = {isa = PBXFileReference; lastKnownFileType = sourcecode.swift; path = SwiftappTests.swift; sourceTree = "<group>"; };
		81A02C8A193D48760068FA05 /* IncioViewController.swift */ = {isa = PBXFileReference; fileEncoding = 4; lastKnownFileType = sourcecode.swift; path = IncioViewController.swift; sourceTree = "<group>"; };
		81A02C8C193D48A10068FA05 /* Storyboard.storyboard */ = {isa = PBXFileReference; fileEncoding = 4; lastKnownFileType = file.storyboard; path = Storyboard.storyboard; sourceTree = "<group>"; };
		81A02C8E193D4B250068FA05 /* MapKit.framework */ = {isa = PBXFileReference; lastKnownFileType = wrapper.framework; name = MapKit.framework; path = System/Library/Frameworks/MapKit.framework; sourceTree = SDKROOT; };
/* End PBXFileReference section */

/* Begin PBXFrameworksBuildPhase section */
		81A02C6A193D47880068FA05 /* Frameworks */ = {
			isa = PBXFrameworksBuildPhase;
			buildActionMask = 2147483647;
			files = (
				81A02C8F193D4B250068FA05 /* MapKit.framework in Frameworks */,
			);
			runOnlyForDeploymentPostprocessing = 0;
		};
		81A02C77193D47890068FA05 /* Frameworks */ = {
			isa = PBXFrameworksBuildPhase;
			buildActionMask = 2147483647;
			files = (
			);
			runOnlyForDeploymentPostprocessing = 0;
		};
/* End PBXFrameworksBuildPhase section */

/* Begin PBXGroup section */
		81A02C64193D47880068FA05 = {
			isa = PBXGroup;
			children = (
				81A02C8E193D4B250068FA05 /* MapKit.framework */,
				81A02C8C193D48A10068FA05 /* Storyboard.storyboard */,
				81A02C6F193D47880068FA05 /* Swiftapp */,
				81A02C7D193D47890068FA05 /* SwiftappTests */,
				81A02C6E193D47880068FA05 /* Products */,
			);
			sourceTree = "<group>";
		};
		81A02C6E193D47880068FA05 /* Products */ = {
			isa = PBXGroup;
			children = (
				81A02C6D193D47880068FA05 /* Swiftapp.app */,
				81A02C7A193D47890068FA05 /* SwiftappTests.xctest */,
			);
			name = Products;
			sourceTree = "<group>";
		};
		81A02C6F193D47880068FA05 /* Swiftapp */ = {
			isa = PBXGroup;
			children = (
				81A02C72193D47880068FA05 /* AppDelegate.swift */,
				81A02C8A193D48760068FA05 /* IncioViewController.swift */,
				81A02C74193D47880068FA05 /* Images.xcassets */,
				81A02C70193D47880068FA05 /* Supporting Files */,
			);
			path = Swiftapp;
			sourceTree = "<group>";
		};
		81A02C70193D47880068FA05 /* Supporting Files */ = {
			isa = PBXGroup;
			children = (
				81A02C71193D47880068FA05 /* Info.plist */,
			);
			name = "Supporting Files";
			sourceTree = "<group>";
		};
		81A02C7D193D47890068FA05 /* SwiftappTests */ = {
			isa = PBXGroup;
			children = (
				81A02C80193D47890068FA05 /* SwiftappTests.swift */,
				81A02C7E193D47890068FA05 /* Supporting Files */,
			);
			path = SwiftappTests;
			sourceTree = "<group>";
		};
		81A02C7E193D47890068FA05 /* Supporting Files */ = {
			isa = PBXGroup;
			children = (
				81A02C7F193D47890068FA05 /* Info.plist */,
			);
			name = "Supporting Files";
			sourceTree = "<group>";
		};
/* End PBXGroup section */

/* Begin PBXNativeTarget section */
		81A02C6C193D47880068FA05 /* Swiftapp */ = {
			isa = PBXNativeTarget;
			buildConfigurationList = 81A02C84193D47890068FA05 /* Build configuration list for PBXNativeTarget "Swiftapp" */;
			buildPhases = (
				81A02C69193D47880068FA05 /* Sources */,
				81A02C6A193D47880068FA05 /* Frameworks */,
				81A02C6B193D47880068FA05 /* Resources */,
			);
			buildRules = (
			);
			dependencies = (
			);
			name = Swiftapp;
			productName = Swiftapp;
			productReference = 81A02C6D193D47880068FA05 /* Swiftapp.app */;
			productType = "com.apple.product-type.application";
		};
		81A02C79193D47890068FA05 /* SwiftappTests */ = {
			isa = PBXNativeTarget;
			buildConfigurationList = 81A02C87193D47890068FA05 /* Build configuration list for PBXNativeTarget "SwiftappTests" */;
			buildPhases = (
				81A02C76193D47890068FA05 /* Sources */,
				81A02C77193D47890068FA05 /* Frameworks */,
				81A02C78193D47890068FA05 /* Resources */,
			);
			buildRules = (
			);
			dependencies = (
				81A02C7C193D47890068FA05 /* PBXTargetDependency */,
			);
			name = SwiftappTests;
			productName = SwiftappTests;
			productReference = 81A02C7A193D47890068FA05 /* SwiftappTests.xctest */;
			productType = "com.apple.product-type.bundle.unit-test";
		};
/* End PBXNativeTarget section */

/* Begin PBXProject section */
		81A02C65193D47880068FA05 /* Project object */ = {
			isa = PBXProject;
			attributes = {
				LastUpgradeCheck = 0600;
				ORGANIZATIONNAME = "Brounie SA de CV";
				TargetAttributes = {
					81A02C6C193D47880068FA05 = {
						CreatedOnToolsVersion = 6.0;
					};
					81A02C79193D47890068FA05 = {
						CreatedOnToolsVersion = 6.0;
						TestTargetID = 81A02C6C193D47880068FA05;
					};
				};
			};
			buildConfigurationList = 81A02C68193D47880068FA05 /* Build configuration list for PBXProject "Swiftapp" */;
			compatibilityVersion = "Xcode 3.2";
			developmentRegion = English;
			hasScannedForEncodings = 0;
			knownRegions = (
				en,
			);
			mainGroup = 81A02C64193D47880068FA05;
			productRefGroup = 81A02C6E193D47880068FA05 /* Products */;
			projectDirPath = "";
			projectRoot = "";
			targets = (
				81A02C6C193D47880068FA05 /* Swiftapp */,
				81A02C79193D47890068FA05 /* SwiftappTests */,
			);
		};
/* End PBXProject section */

/* Begin PBXResourcesBuildPhase section */
		81A02C6B193D47880068FA05 /* Resources */ = {
			isa = PBXResourcesBuildPhase;
			buildActionMask = 2147483647;
			files = (
				81A02C75193D47880068FA05 /* Images.xcassets in Resources */,
				81A02C8D193D48A10068FA05 /* Storyboard.storyboard in Resources */,
			);
			runOnlyForDeploymentPostprocessing = 0;
		};
		81A02C78193D47890068FA05 /* Resources */ = {
			isa = PBXResourcesBuildPhase;
			buildActionMask = 2147483647;
			files = (
			);
			runOnlyForDeploymentPostprocessing = 0;
		};
/* End PBXResourcesBuildPhase section */

/* Begin PBXSourcesBuildPhase section */
		81A02C69193D47880068FA05 /* Sources */ = {
			isa = PBXSourcesBuildPhase;
			buildActionMask = 2147483647;
			files = (
				81A02C73193D47880068FA05 /* AppDelegate.swift in Sources */,
				81A02C8B193D48760068FA05 /* IncioViewController.swift in Sources */,
			);
			runOnlyForDeploymentPostprocessing = 0;
		};
		81A02C76193D47890068FA05 /* Sources */ = {
			isa = PBXSourcesBuildPhase;
			buildActionMask = 2147483647;
			files = (
				81A02C81193D47890068FA05 /* SwiftappTests.swift in Sources */,
			);
			runOnlyForDeploymentPostprocessing = 0;
		};
/* End PBXSourcesBuildPhase section */

/* Begin PBXTargetDependency section */
		81A02C7C193D47890068FA05 /* PBXTargetDependency */ = {
			isa = PBXTargetDependency;
			target = 81A02C6C193D47880068FA05 /* Swiftapp */;
			targetProxy = 81A02C7B193D47890068FA05 /* PBXContainerItemProxy */;
		};
/* End PBXTargetDependency section */

/* Begin XCBuildConfiguration section */
		81A02C82193D47890068FA05 /* Debug */ = {
			isa = XCBuildConfiguration;
			buildSettings = {
				ALWAYS_SEARCH_USER_PATHS = NO;
				CLANG_CXX_LANGUAGE_STANDARD = "gnu++0x";
				CLANG_CXX_LIBRARY = "libc++";
				CLANG_ENABLE_MODULES = YES;
				CLANG_ENABLE_OBJC_ARC = YES;
				CLANG_WARN_BOOL_CONVERSION = YES;
				CLANG_WARN_CONSTANT_CONVERSION = YES;
				CLANG_WARN_DIRECT_OBJC_ISA_USAGE = YES_ERROR;
				CLANG_WARN_EMPTY_BODY = YES;
				CLANG_WARN_ENUM_CONVERSION = YES;
				CLANG_WARN_INT_CONVERSION = YES;
				CLANG_WARN_OBJC_ROOT_CLASS = YES_ERROR;
				CLANG_WARN_UNREACHABLE_CODE = YES;
				CLANG_WARN__DUPLICATE_METHOD_MATCH = YES;
				"CODE_SIGN_IDENTITY[sdk=iphoneos*]" = "iPhone Developer";
				COPY_PHASE_STRIP = NO;
				ENABLE_STRICT_OBJC_MSGSEND = YES;
				GCC_C_LANGUAGE_STANDARD = gnu99;
				GCC_DYNAMIC_NO_PIC = NO;
				GCC_OPTIMIZATION_LEVEL = 0;
				GCC_PREPROCESSOR_DEFINITIONS = (
					"DEBUG=1",
					"$(inherited)",
				);
				GCC_SYMBOLS_PRIVATE_EXTERN = NO;
				GCC_WARN_64_TO_32_BIT_CONVERSION = YES;
				GCC_WARN_ABOUT_RETURN_TYPE = YES_ERROR;
				GCC_WARN_UNDECLARED_SELECTOR = YES;
				GCC_WARN_UNINITIALIZED_AUTOS = YES_AGGRESSIVE;
				GCC_WARN_UNUSED_FUNCTION = YES;
				GCC_WARN_UNUSED_VARIABLE = YES;
				IPHONEOS_DEPLOYMENT_TARGET = 8.0;
				METAL_ENABLE_DEBUG_INFO = YES;
				ONLY_ACTIVE_ARCH = YES;
				SDKROOT = iphoneos;
				SWIFT_OPTIMIZATION_LEVEL = "-Onone";
			};
			name = Debug;
		};
		81A02C83193D47890068FA05 /* Release */ = {
			isa = XCBuildConfiguration;
			buildSettings = {
				ALWAYS_SEARCH_USER_PATHS = NO;
				CLANG_CXX_LANGUAGE_STANDARD = "gnu++0x";
				CLANG_CXX_LIBRARY = "libc++";
				CLANG_ENABLE_MODULES = YES;
				CLANG_ENABLE_OBJC_ARC = YES;
				CLANG_WARN_BOOL_CONVERSION = YES;
				CLANG_WARN_CONSTANT_CONVERSION = YES;
				CLANG_WARN_DIRECT_OBJC_ISA_USAGE = YES_ERROR;
				CLANG_WARN_EMPTY_BODY = YES;
				CLANG_WARN_ENUM_CONVERSION = YES;
				CLANG_WARN_INT_CONVERSION = YES;
				CLANG_WARN_OBJC_ROOT_CLASS = YES_ERROR;
				CLANG_WARN_UNREACHABLE_CODE = YES;
				CLANG_WARN__DUPLICATE_METHOD_MATCH = YES;
				"CODE_SIGN_IDENTITY[sdk=iphoneos*]" = "iPhone Developer";
				COPY_PHASE_STRIP = YES;
				ENABLE_NS_ASSERTIONS = NO;
				ENABLE_STRICT_OBJC_MSGSEND = YES;
				GCC_C_LANGUAGE_STANDARD = gnu99;
				GCC_WARN_64_TO_32_BIT_CONVERSION = YES;
				GCC_WARN_ABOUT_RETURN_TYPE = YES_ERROR;
				GCC_WARN_UNDECLARED_SELECTOR = YES;
				GCC_WARN_UNINITIALIZED_AUTOS = YES_AGGRESSIVE;
				GCC_WARN_UNUSED_FUNCTION = YES;
				GCC_WARN_UNUSED_VARIABLE = YES;
				IPHONEOS_DEPLOYMENT_TARGET = 8.0;
				METAL_ENABLE_DEBUG_INFO = NO;
				SDKROOT = iphoneos;
				VALIDATE_PRODUCT = YES;
			};
			name = Release;
		};
		81A02C85193D47890068FA05 /* Debug */ = {
			isa = XCBuildConfiguration;
			buildSettings = {
				ASSETCATALOG_COMPILER_APPICON_NAME = AppIcon;
				ASSETCATALOG_COMPILER_LAUNCHIMAGE_NAME = LaunchImage;
				INFOPLIST_FILE = Swiftapp/Info.plist;
				LD_RUNPATH_SEARCH_PATHS = "$(inherited) @executable_path/Frameworks";
				PRODUCT_NAME = "$(TARGET_NAME)";
			};
			name = Debug;
		};
		81A02C86193D47890068FA05 /* Release */ = {
			isa = XCBuildConfiguration;
			buildSettings = {
				ASSETCATALOG_COMPILER_APPICON_NAME = AppIcon;
				ASSETCATALOG_COMPILER_LAUNCHIMAGE_NAME = LaunchImage;
				INFOPLIST_FILE = Swiftapp/Info.plist;
				LD_RUNPATH_SEARCH_PATHS = "$(inherited) @executable_path/Frameworks";
				PRODUCT_NAME = "$(TARGET_NAME)";
			};
			name = Release;
		};
		81A02C88193D47890068FA05 /* Debug */ = {
			isa = XCBuildConfiguration;
			buildSettings = {
				BUNDLE_LOADER = "$(BUILT_PRODUCTS_DIR)/Swiftapp.app/Swiftapp";
				FRAMEWORK_SEARCH_PATHS = (
					"$(SDKROOT)/Developer/Library/Frameworks",
					"$(inherited)",
				);
				GCC_PREPROCESSOR_DEFINITIONS = (
					"DEBUG=1",
					"$(inherited)",
				);
				INFOPLIST_FILE = SwiftappTests/Info.plist;
				LD_RUNPATH_SEARCH_PATHS = "$(inherited) @executable_path/Frameworks @loader_path/Frameworks";
				METAL_ENABLE_DEBUG_INFO = YES;
				PRODUCT_NAME = "$(TARGET_NAME)";
				TEST_HOST = "$(BUNDLE_LOADER)";
			};
			name = Debug;
		};
		81A02C89193D47890068FA05 /* Release */ = {
			isa = XCBuildConfiguration;
			buildSettings = {
				BUNDLE_LOADER = "$(BUILT_PRODUCTS_DIR)/Swiftapp.app/Swiftapp";
				FRAMEWORK_SEARCH_PATHS = (
					"$(SDKROOT)/Developer/Library/Frameworks",
					"$(inherited)",
				);
				INFOPLIST_FILE = SwiftappTests/Info.plist;
				LD_RUNPATH_SEARCH_PATHS = "$(inherited) @executable_path/Frameworks @loader_path/Frameworks";
				METAL_ENABLE_DEBUG_INFO = NO;
				PRODUCT_NAME = "$(TARGET_NAME)";
				TEST_HOST = "$(BUNDLE_LOADER)";
			};
			name = Release;
		};
/* End XCBuildConfiguration section */

/* Begin XCConfigurationList section */
		81A02C68193D47880068FA05 /* Build configuration list for PBXProject "Swiftapp" */ = {
			isa = XCConfigurationList;
			buildConfigurations = (
				81A02C82193D47890068FA05 /* Debug */,
				81A02C83193D47890068FA05 /* Release */,
			);
			defaultConfigurationIsVisible = 0;
			defaultConfigurationName = Release;
		};
		81A02C84193D47890068FA05 /* Build configuration list for PBXNativeTarget "Swiftapp" */ = {
			isa = XCConfigurationList;
			buildConfigurations = (
				81A02C85193D47890068FA05 /* Debug */,
				81A02C86193D47890068FA05 /* Release */,
			);
			defaultConfigurationIsVisible = 0;
			defaultConfigurationName = Release;
		};
		81A02C87193D47890068FA05 /* Build configuration list for PBXNativeTarget "SwiftappTests" */ = {
			isa = XCConfigurationList;
			buildConfigurations = (
				81A02C88193D47890068FA05 /* Debug */,
				81A02C89193D47890068FA05 /* Release */,
			);
			defaultConfigurationIsVisible = 0;
			defaultConfigurationName = Release;
		};
/* End XCConfigurationList section */
	};
	rootObject = 81A02C65193D47880068FA05 /* Project object */;
}
